
Microsoft Visual Studio Solution File, Format Version 12.00
# Visual Studio Version 17
VisualStudioVersion = 17.0.31919.166
MinimumVisualStudioVersion = 10.0.40219.1
Project("{FAE04EC0-301F-11D3-BF4B-00C04F79EFBC}") = "TestWPFApp", "TestWPFApp\TestWPFApp.csproj", "{F1698E31-3CC6-4633-AABF-CBF145C32023}"
EndProject
Global
	GlobalSection(SolutionConfigurationPlatforms) = preSolution
		Debug|Any CPU = Debug|Any CPU
		Release|Any CPU = Release|Any CPU
	EndGlobalSection
	GlobalSection(ProjectConfigurationPlatforms) = postSolution
		{F1698E31-3CC6-4633-AABF-CBF145C32023}.Debug|Any CPU.ActiveCfg = Debug|Any CPU
		{F1698E31-3CC6-4633-AABF-CBF145C32023}.Debug|Any CPU.Build.0 = Debug|Any CPU
		{F1698E31-3CC6-4633-AABF-CBF145C32023}.Release|Any CPU.ActiveCfg = Release|Any CPU
		{F1698E31-3CC6-4633-AABF-CBF145C32023}.Release|Any CPU.Build.0 = Release|Any CPU
	EndGlobalSection
	GlobalSection(SolutionProperties) = preSolution
		HideSolutionNode = FALSE
	EndGlobalSection
	GlobalSection(ExtensibilityGlobals) = postSolution
		SolutionGuid = {7669B56C-5A9A-4F4C-9358-9CFF4693400A}
	EndGlobalSection
EndGlobal
